// !$*UTF8*$!
{
	archiveVersion = 1;
	classes = {
	};
	objectVersion = 46;
	objects = {

/* Begin PBXBuildFile section */
		C37056791B245AFD00DBD390 /* main.m in Sources */ = {isa = PBXBuildFile; fileRef = C37056781B245AFD00DBD390 /* main.m */; };
		C370567C1B245AFD00DBD390 /* AppDelegate.m in Sources */ = {isa = PBXBuildFile; fileRef = C370567B1B245AFD00DBD390 /* AppDelegate.m */; };
		C370567F1B245AFD00DBD390 /* GameScene.m in Sources */ = {isa = PBXBuildFile; fileRef = C370567E1B245AFD00DBD390 /* GameScene.m */; };
		C37056811B245AFD00DBD390 /* GameScene.sks in Resources */ = {isa = PBXBuildFile; fileRef = C37056801B245AFD00DBD390 /* GameScene.sks */; };
		C37056841B245AFD00DBD390 /* GameViewController.m in Sources */ = {isa = PBXBuildFile; fileRef = C37056831B245AFD00DBD390 /* GameViewController.m */; };
		C37056871B245AFD00DBD390 /* Main.storyboard in Resources */ = {isa = PBXBuildFile; fileRef = C37056851B245AFD00DBD390 /* Main.storyboard */; };
		C37056891B245AFD00DBD390 /* Images.xcassets in Resources */ = {isa = PBXBuildFile; fileRef = C37056881B245AFD00DBD390 /* Images.xcassets */; };
		C370568C1B245AFD00DBD390 /* LaunchScreen.xib in Resources */ = {isa = PBXBuildFile; fileRef = C370568A1B245AFD00DBD390 /* LaunchScreen.xib */; };
		C37056981B245AFD00DBD390 /* JumpyTests.m in Sources */ = {isa = PBXBuildFile; fileRef = C37056971B245AFD00DBD390 /* JumpyTests.m */; };
/* End PBXBuildFile section */

/* Begin PBXContainerItemProxy section */
		C37056921B245AFD00DBD390 /* PBXContainerItemProxy */ = {
			isa = PBXContainerItemProxy;
			containerPortal = C370566B1B245AFD00DBD390 /* Project object */;
			proxyType = 1;
			remoteGlobalIDString = C37056721B245AFD00DBD390;
			remoteInfo = Jumpy;
		};
/* End PBXContainerItemProxy section */

/* Begin PBXFileReference section */
		C37056731B245AFD00DBD390 /* Jumpy.app */ = {isa = PBXFileReference; explicitFileType = wrapper.application; includeInIndex = 0; path = Jumpy.app; sourceTree = BUILT_PRODUCTS_DIR; };
		C37056771B245AFD00DBD390 /* Info.plist */ = {isa = PBXFileReference; lastKnownFileType = text.plist.xml; path = Info.plist; sourceTree = "<group>"; };
		C37056781B245AFD00DBD390 /* main.m */ = {isa = PBXFileReference; lastKnownFileType = sourcecode.c.objc; path = main.m; sourceTree = "<group>"; };
		C370567A1B245AFD00DBD390 /* AppDelegate.h */ = {isa = PBXFileReference; lastKnownFileType = sourcecode.c.h; path = AppDelegate.h; sourceTree = "<group>"; };
		C370567B1B245AFD00DBD390 /* AppDelegate.m */ = {isa = PBXFileReference; lastKnownFileType = sourcecode.c.objc; path = AppDelegate.m; sourceTree = "<group>"; };
		C370567D1B245AFD00DBD390 /* GameScene.h */ = {isa = PBXFileReference; lastKnownFileType = sourcecode.c.h; path = GameScene.h; sourceTree = "<group>"; };
		C370567E1B245AFD00DBD390 /* GameScene.m */ = {isa = PBXFileReference; lastKnownFileType = sourcecode.c.objc; path = GameScene.m; sourceTree = "<group>"; };
		C37056801B245AFD00DBD390 /* GameScene.sks */ = {isa = PBXFileReference; lastKnownFileType = file.sks; path = GameScene.sks; sourceTree = "<group>"; };
		C37056821B245AFD00DBD390 /* GameViewController.h */ = {isa = PBXFileReference; lastKnownFileType = sourcecode.c.h; path = GameViewController.h; sourceTree = "<group>"; };
		C37056831B245AFD00DBD390 /* GameViewController.m */ = {isa = PBXFileReference; lastKnownFileType = sourcecode.c.objc; path = GameViewController.m; sourceTree = "<group>"; };
		C37056861B245AFD00DBD390 /* Base */ = {isa = PBXFileReference; lastKnownFileType = file.storyboard; name = Base; path = Base.lproj/Main.storyboard; sourceTree = "<group>"; };
		C37056881B245AFD00DBD390 /* Images.xcassets */ = {isa = PBXFileReference; lastKnownFileType = folder.assetcatalog; path = Images.xcassets; sourceTree = "<group>"; };
		C370568B1B245AFD00DBD390 /* Base */ = {isa = PBXFileReference; lastKnownFileType = file.xib; name = Base; path = Base.lproj/LaunchScreen.xib; sourceTree = "<group>"; };
		C37056911B245AFD00DBD390 /* JumpyTests.xctest */ = {isa = PBXFileReference; explicitFileType = wrapper.cfbundle; includeInIndex = 0; path = JumpyTests.xctest; sourceTree = BUILT_PRODUCTS_DIR; };
		C37056961B245AFD00DBD390 /* Info.plist */ = {isa = PBXFileReference; lastKnownFileType = text.plist.xml; path = Info.plist; sourceTree = "<group>"; };
		C37056971B245AFD00DBD390 /* JumpyTests.m */ = {isa = PBXFileReference; lastKnownFileType = sourcecode.c.objc; path = JumpyTests.m; sourceTree = "<group>"; };
/* End PBXFileReference section */

/* Begin PBXFrameworksBuildPhase section */
		C37056701B245AFD00DBD390 /* Frameworks */ = {
			isa = PBXFrameworksBuildPhase;
			buildActionMask = 2147483647;
			files = (
			);
			runOnlyForDeploymentPostprocessing = 0;
		};
		C370568E1B245AFD00DBD390 /* Frameworks */ = {
			isa = PBXFrameworksBuildPhase;
			buildActionMask = 2147483647;
			files = (
			);
			runOnlyForDeploymentPostprocessing = 0;
		};
/* End PBXFrameworksBuildPhase section */

/* Begin PBXGroup section */
		C370566A1B245AFD00DBD390 = {
			isa = PBXGroup;
			children = (
				C37056751B245AFD00DBD390 /* Jumpy */,
				C37056941B245AFD00DBD390 /* JumpyTests */,
				C37056741B245AFD00DBD390 /* Products */,
			);
			sourceTree = "<group>";
		};
		C37056741B245AFD00DBD390 /* Products */ = {
			isa = PBXGroup;
			children = (
				C37056731B245AFD00DBD390 /* Jumpy.app */,
				C37056911B245AFD00DBD390 /* JumpyTests.xctest */,
			);
			name = Products;
			sourceTree = "<group>";
		};
		C37056751B245AFD00DBD390 /* Jumpy */ = {
			isa = PBXGroup;
			children = (
				C370567A1B245AFD00DBD390 /* AppDelegate.h */,
				C370567B1B245AFD00DBD390 /* AppDelegate.m */,
				C370567D1B245AFD00DBD390 /* GameScene.h */,
				C370567E1B245AFD00DBD390 /* GameScene.m */,
				C37056801B245AFD00DBD390 /* GameScene.sks */,
				C37056821B245AFD00DBD390 /* GameViewController.h */,
				C37056831B245AFD00DBD390 /* GameViewController.m */,
				C37056851B245AFD00DBD390 /* Main.storyboard */,
				C37056881B245AFD00DBD390 /* Images.xcassets */,
				C370568A1B245AFD00DBD390 /* LaunchScreen.xib */,
				C37056761B245AFD00DBD390 /* Supporting Files */,
			);
			path = Jumpy;
			sourceTree = "<group>";
		};
		C37056761B245AFD00DBD390 /* Supporting Files */ = {
			isa = PBXGroup;
			children = (
				C37056771B245AFD00DBD390 /* Info.plist */,
				C37056781B245AFD00DBD390 /* main.m */,
			);
			name = "Supporting Files";
			sourceTree = "<group>";
		};
		C37056941B245AFD00DBD390 /* JumpyTests */ = {
			isa = PBXGroup;
			children = (
				C37056971B245AFD00DBD390 /* JumpyTests.m */,
				C37056951B245AFD00DBD390 /* Supporting Files */,
			);
			path = JumpyTests;
			sourceTree = "<group>";
		};
		C37056951B245AFD00DBD390 /* Supporting Files */ = {
			isa = PBXGroup;
			children = (
				C37056961B245AFD00DBD390 /* Info.plist */,
			);
			name = "Supporting Files";
			sourceTree = "<group>";
		};
/* End PBXGroup section */

/* Begin PBXNativeTarget section */
		C37056721B245AFD00DBD390 /* Jumpy */ = {
			isa = PBXNativeTarget;
			buildConfigurationList = C370569B1B245AFD00DBD390 /* Build configuration list for PBXNativeTarget "Jumpy" */;
			buildPhases = (
				C370566F1B245AFD00DBD390 /* Sources */,
				C37056701B245AFD00DBD390 /* Frameworks */,
				C37056711B245AFD00DBD390 /* Resources */,
			);
			buildRules = (
			);
			dependencies = (
			);
			name = Jumpy;
			productName = Jumpy;
			productReference = C37056731B245AFD00DBD390 /* Jumpy.app */;
			productType = "com.apple.product-type.application";
		};
		C37056901B245AFD00DBD390 /* JumpyTests */ = {
			isa = PBXNativeTarget;
			buildConfigurationList = C370569E1B245AFD00DBD390 /* Build configuration list for PBXNativeTarget "JumpyTests" */;
			buildPhases = (
				C370568D1B245AFD00DBD390 /* Sources */,
				C370568E1B245AFD00DBD390 /* Frameworks */,
				C370568F1B245AFD00DBD390 /* Resources */,
			);
			buildRules = (
			);
			dependencies = (
				C37056931B245AFD00DBD390 /* PBXTargetDependency */,
			);
			name = JumpyTests;
			productName = JumpyTests;
			productReference = C37056911B245AFD00DBD390 /* JumpyTests.xctest */;
			productType = "com.apple.product-type.bundle.unit-test";
		};
/* End PBXNativeTarget section */

/* Begin PBXProject section */
		C370566B1B245AFD00DBD390 /* Project object */ = {
			isa = PBXProject;
			attributes = {
				LastUpgradeCheck = 0630;
				ORGANIZATIONNAME = "Lukasz Kowalski";
				TargetAttributes = {
					C37056721B245AFD00DBD390 = {
						CreatedOnToolsVersion = 6.3;
					};
					C37056901B245AFD00DBD390 = {
						CreatedOnToolsVersion = 6.3;
						TestTargetID = C37056721B245AFD00DBD390;
					};
				};
			};
			buildConfigurationList = C370566E1B245AFD00DBD390 /* Build configuration list for PBXProject "Jumpy" */;
			compatibilityVersion = "Xcode 3.2";
			developmentRegion = English;
			hasScannedForEncodings = 0;
			knownRegions = (
				en,
				Base,
			);
			mainGroup = C370566A1B245AFD00DBD390;
			productRefGroup = C37056741B245AFD00DBD390 /* Products */;
			projectDirPath = "";
			projectRoot = "";
			targets = (
				C37056721B245AFD00DBD390 /* Jumpy */,
				C37056901B245AFD00DBD390 /* JumpyTests */,
			);
		};
/* End PBXProject section */

/* Begin PBXResourcesBuildPhase section */
		C37056711B245AFD00DBD390 /* Resources */ = {
			isa = PBXResourcesBuildPhase;
			buildActionMask = 2147483647;
			files = (
				C370568C1B245AFD00DBD390 /* LaunchScreen.xib in Resources */,
				C37056891B245AFD00DBD390 /* Images.xcassets in Resources */,
				C37056811B245AFD00DBD390 /* GameScene.sks in Resources */,
				C37056871B245AFD00DBD390 /* Main.storyboard in Resources */,
			);
			runOnlyForDeploymentPostprocessing = 0;
		};
		C370568F1B245AFD00DBD390 /* Resources */ = {
			isa = PBXResourcesBuildPhase;
			buildActionMask = 2147483647;
			files = (
			);
			runOnlyForDeploymentPostprocessing = 0;
		};
/* End PBXResourcesBuildPhase section */

/* Begin PBXSourcesBuildPhase section */
		C370566F1B245AFD00DBD390 /* Sources */ = {
			isa = PBXSourcesBuildPhase;
			buildActionMask = 2147483647;
			files = (
				C37056841B245AFD00DBD390 /* GameViewController.m in Sources */,
				C370567C1B245AFD00DBD390 /* AppDelegate.m in Sources */,
				C370567F1B245AFD00DBD390 /* GameScene.m in Sources */,
				C37056791B245AFD00DBD390 /* main.m in Sources */,
			);
			runOnlyForDeploymentPostprocessing = 0;
		};
		C370568D1B245AFD00DBD390 /* Sources */ = {
			isa = PBXSourcesBuildPhase;
			buildActionMask = 2147483647;
			files = (
				C37056981B245AFD00DBD390 /* JumpyTests.m in Sources */,
			);
			runOnlyForDeploymentPostprocessing = 0;
		};
/* End PBXSourcesBuildPhase section */

/* Begin PBXTargetDependency section */
		C37056931B245AFD00DBD390 /* PBXTargetDependency */ = {
			isa = PBXTargetDependency;
			target = C37056721B245AFD00DBD390 /* Jumpy */;
			targetProxy = C37056921B245AFD00DBD390 /* PBXContainerItemProxy */;
		};
/* End PBXTargetDependency section */

/* Begin PBXVariantGroup section */
		C37056851B245AFD00DBD390 /* Main.storyboard */ = {
			isa = PBXVariantGroup;
			children = (
				C37056861B245AFD00DBD390 /* Base */,
			);
			name = Main.storyboard;
			sourceTree = "<group>";
		};
		C370568A1B245AFD00DBD390 /* LaunchScreen.xib */ = {
			isa = PBXVariantGroup;
			children = (
				C370568B1B245AFD00DBD390 /* Base */,
			);
			name = LaunchScreen.xib;
			sourceTree = "<group>";
		};
/* End PBXVariantGroup section */

/* Begin XCBuildConfiguration section */
		C37056991B245AFD00DBD390 /* Debug */ = {
			isa = XCBuildConfiguration;
			buildSettings = {
				ALWAYS_SEARCH_USER_PATHS = NO;
				CLANG_CXX_LANGUAGE_STANDARD = "gnu++0x";
				CLANG_CXX_LIBRARY = "libc++";
				CLANG_ENABLE_MODULES = YES;
				CLANG_ENABLE_OBJC_ARC = YES;
				CLANG_WARN_BOOL_CONVERSION = YES;
				CLANG_WARN_CONSTANT_CONVERSION = YES;
				CLANG_WARN_DIRECT_OBJC_ISA_USAGE = YES_ERROR;
				CLANG_WARN_EMPTY_BODY = YES;
				CLANG_WARN_ENUM_CONVERSION = YES;
				CLANG_WARN_INT_CONVERSION = YES;
				CLANG_WARN_OBJC_ROOT_CLASS = YES_ERROR;
				CLANG_WARN_UNREACHABLE_CODE = YES;
				CLANG_WARN__DUPLICATE_METHOD_MATCH = YES;
				"CODE_SIGN_IDENTITY[sdk=iphoneos*]" = "iPhone Developer";
				COPY_PHASE_STRIP = NO;
				DEBUG_INFORMATION_FORMAT = "dwarf-with-dsym";
				ENABLE_STRICT_OBJC_MSGSEND = YES;
				GCC_C_LANGUAGE_STANDARD = gnu99;
				GCC_DYNAMIC_NO_PIC = NO;
				GCC_NO_COMMON_BLOCKS = YES;
				GCC_OPTIMIZATION_LEVEL = 0;
				GCC_PREPROCESSOR_DEFINITIONS = (
					"DEBUG=1",
					"$(inherited)",
				);
				GCC_SYMBOLS_PRIVATE_EXTERN = NO;
				GCC_WARN_64_TO_32_BIT_CONVERSION = YES;
				GCC_WARN_ABOUT_RETURN_TYPE = YES_ERROR;
				GCC_WARN_UNDECLARED_SELECTOR = YES;
				GCC_WARN_UNINITIALIZED_AUTOS = YES_AGGRESSIVE;
				GCC_WARN_UNUSED_FUNCTION = YES;
				GCC_WARN_UNUSED_VARIABLE = YES;
				IPHONEOS_DEPLOYMENT_TARGET = 8.3;
				MTL_ENABLE_DEBUG_INFO = YES;
				ONLY_ACTIVE_ARCH = YES;
				SDKROOT = iphoneos;
			};
			name = Debug;
		};
		C370569A1B245AFD00DBD390 /* Release */ = {
			isa = XCBuildConfiguration;
			buildSettings = {
				ALWAYS_SEARCH_USER_PATHS = NO;
				CLANG_CXX_LANGUAGE_STANDARD = "gnu++0x";
				CLANG_CXX_LIBRARY = "libc++";
				CLANG_ENABLE_MODULES = YES;
				CLANG_ENABLE_OBJC_ARC = YES;
				CLANG_WARN_BOOL_CONVERSION = YES;
				CLANG_WARN_CONSTANT_CONVERSION = YES;
				CLANG_WARN_DIRECT_OBJC_ISA_USAGE = YES_ERROR;
				CLANG_WARN_EMPTY_BODY = YES;
				CLANG_WARN_ENUM_CONVERSION = YES;
				CLANG_WARN_INT_CONVERSION = YES;
				CLANG_WARN_OBJC_ROOT_CLASS = YES_ERROR;
				CLANG_WARN_UNREACHABLE_CODE = YES;
				CLANG_WARN__DUPLICATE_METHOD_MATCH = YES;
				"CODE_SIGN_IDENTITY[sdk=iphoneos*]" = "iPhone Developer";
				COPY_PHASE_STRIP = NO;
				DEBUG_INFORMATION_FORMAT = "dwarf-with-dsym";
				ENABLE_NS_ASSERTIONS = NO;
				ENABLE_STRICT_OBJC_MSGSEND = YES;
				GCC_C_LANGUAGE_STANDARD = gnu99;
				GCC_NO_COMMON_BLOCKS = YES;
				GCC_WARN_64_TO_32_BIT_CONVERSION = YES;
				GCC_WARN_ABOUT_RETURN_TYPE = YES_ERROR;
				GCC_WARN_UNDECLARED_SELECTOR = YES;
				GCC_WARN_UNINITIALIZED_AUTOS = YES_AGGRESSIVE;
				GCC_WARN_UNUSED_FUNCTION = YES;
				GCC_WARN_UNUSED_VARIABLE = YES;
				IPHONEOS_DEPLOYMENT_TARGET = 8.3;
				MTL_ENABLE_DEBUG_INFO = NO;
				SDKROOT = iphoneos;
				VALIDATE_PRODUCT = YES;
			};
			name = Release;
		};
		C370569C1B245AFD00DBD390 /* Debug */ = {
			isa = XCBuildConfiguration;
			buildSettings = {
				ASSETCATALOG_COMPILER_APPICON_NAME = AppIcon;
				INFOPLIST_FILE = Jumpy/Info.plist;
				LD_RUNPATH_SEARCH_PATHS = "$(inherited) @executable_path/Frameworks";
				PRODUCT_NAME = "$(TARGET_NAME)";
			};
			name = Debug;
		};
		C370569D1B245AFD00DBD390 /* Release */ = {
			isa = XCBuildConfiguration;
			buildSettings = {
				ASSETCATALOG_COMPILER_APPICON_NAME = AppIcon;
				INFOPLIST_FILE = Jumpy/Info.plist;
				LD_RUNPATH_SEARCH_PATHS = "$(inherited) @executable_path/Frameworks";
				PRODUCT_NAME = "$(TARGET_NAME)";
			};
			name = Release;
		};
		C370569F1B245AFD00DBD390 /* Debug */ = {
			isa = XCBuildConfiguration;
			buildSettings = {
				BUNDLE_LOADER = "$(TEST_HOST)";
				FRAMEWORK_SEARCH_PATHS = (
					"$(SDKROOT)/Developer/Library/Frameworks",
					"$(inherited)",
				);
				GCC_PREPROCESSOR_DEFINITIONS = (
					"DEBUG=1",
					"$(inherited)",
				);
				INFOPLIST_FILE = JumpyTests/Info.plist;
				LD_RUNPATH_SEARCH_PATHS = "$(inherited) @executable_path/Frameworks @loader_path/Frameworks";
				PRODUCT_NAME = "$(TARGET_NAME)";
				TEST_HOST = "$(BUILT_PRODUCTS_DIR)/Jumpy.app/Jumpy";
			};
			name = Debug;
		};
		C37056A01B245AFD00DBD390 /* Release */ = {
			isa = XCBuildConfiguration;
			buildSettings = {
				BUNDLE_LOADER = "$(TEST_HOST)";
				FRAMEWORK_SEARCH_PATHS = (
					"$(SDKROOT)/Developer/Library/Frameworks",
					"$(inherited)",
				);
				INFOPLIST_FILE = JumpyTests/Info.plist;
				LD_RUNPATH_SEARCH_PATHS = "$(inherited) @executable_path/Frameworks @loader_path/Frameworks";
				PRODUCT_NAME = "$(TARGET_NAME)";
				TEST_HOST = "$(BUILT_PRODUCTS_DIR)/Jumpy.app/Jumpy";
			};
			name = Release;
		};
/* End XCBuildConfiguration section */

/* Begin XCConfigurationList section */
		C370566E1B245AFD00DBD390 /* Build configuration list for PBXProject "Jumpy" */ = {
			isa = XCConfigurationList;
			buildConfigurations = (
				C37056991B245AFD00DBD390 /* Debug */,
				C370569A1B245AFD00DBD390 /* Release */,
			);
			defaultConfigurationIsVisible = 0;
			defaultConfigurationName = Release;
		};
		C370569B1B245AFD00DBD390 /* Build configuration list for PBXNativeTarget "Jumpy" */ = {
			isa = XCConfigurationList;
			buildConfigurations = (
				C370569C1B245AFD00DBD390 /* Debug */,
				C370569D1B245AFD00DBD390 /* Release */,
			);
			defaultConfigurationIsVisible = 0;
		};
		C370569E1B245AFD00DBD390 /* Build configuration list for PBXNativeTarget "JumpyTests" */ = {
			isa = XCConfigurationList;
			buildConfigurations = (
				C370569F1B245AFD00DBD390 /* Debug */,
				C37056A01B245AFD00DBD390 /* Release */,
			);
			defaultConfigurationIsVisible = 0;
		};
/* End XCConfigurationList section */
	};
	rootObject = C370566B1B245AFD00DBD390 /* Project object */;
}
